
Microsoft Visual Studio Solution File, Format Version 12.00
# Visual Studio Version 17
VisualStudioVersion = 17.10.34814.14
MinimumVisualStudioVersion = 10.0.40219.1
Project("{FAE04EC0-301F-11D3-BF4B-00C04F79EFBC}") = "Book_Windows_Forms_App", "Book_Windows_Forms_App.csproj", "{813FB5A5-36BF-4ACA-B807-4D6EF4EDC42C}"
EndProject
Project("{FAE04EC0-301F-11D3-BF4B-00C04F79EFBC}") = "BusinessLayerBook", "..\BusinessLayerBook\BusinessLayerBook.csproj", "{DF477BAD-DDFE-4703-B107-7D309C9AF936}"
EndProject
Project("{FAE04EC0-301F-11D3-BF4B-00C04F79EFBC}") = "DataLayerBook", "..\DataLayer\DataLayerBook.csproj", "{AEF69F8E-EEA2-4990-8478-7BA622C20334}"
EndProject
Global
	GlobalSection(SolutionConfigurationPlatforms) = preSolution
		Debug|Any CPU = Debug|Any CPU
		Release|Any CPU = Release|Any CPU
	EndGlobalSection
	GlobalSection(ProjectConfigurationPlatforms) = postSolution
		{813FB5A5-36BF-4ACA-B807-4D6EF4EDC42C}.Debug|Any CPU.ActiveCfg = Debug|Any CPU
		{813FB5A5-36BF-4ACA-B807-4D6EF4EDC42C}.Debug|Any CPU.Build.0 = Debug|Any CPU
		{813FB5A5-36BF-4ACA-B807-4D6EF4EDC42C}.Release|Any CPU.ActiveCfg = Release|Any CPU
		{813FB5A5-36BF-4ACA-B807-4D6EF4EDC42C}.Release|Any CPU.Build.0 = Release|Any CPU
		{DF477BAD-DDFE-4703-B107-7D309C9AF936}.Debug|Any CPU.ActiveCfg = Debug|Any CPU
		{DF477BAD-DDFE-4703-B107-7D309C9AF936}.Debug|Any CPU.Build.0 = Debug|Any CPU
		{DF477BAD-DDFE-4703-B107-7D309C9AF936}.Release|Any CPU.ActiveCfg = Release|Any CPU
		{DF477BAD-DDFE-4703-B107-7D309C9AF936}.Release|Any CPU.Build.0 = Release|Any CPU
		{AEF69F8E-EEA2-4990-8478-7BA622C20334}.Debug|Any CPU.ActiveCfg = Debug|Any CPU
		{AEF69F8E-EEA2-4990-8478-7BA622C20334}.Debug|Any CPU.Build.0 = Debug|Any CPU
		{AEF69F8E-EEA2-4990-8478-7BA622C20334}.Release|Any CPU.ActiveCfg = Release|Any CPU
		{AEF69F8E-EEA2-4990-8478-7BA622C20334}.Release|Any CPU.Build.0 = Release|Any CPU
	EndGlobalSection
	GlobalSection(SolutionProperties) = preSolution
		HideSolutionNode = FALSE
	EndGlobalSection
	GlobalSection(ExtensibilityGlobals) = postSolution
		SolutionGuid = {F82FACBA-F602-47B1-9CC5-25E8D5D89E19}
	EndGlobalSection
EndGlobal
